
Microsoft Visual Studio Solution File, Format Version 12.00
# Visual Studio 15
VisualStudioVersion = 15.0.28010.2019
MinimumVisualStudioVersion = 10.0.40219.1
Project("{FAE04EC0-301F-11D3-BF4B-00C04F79EFBC}") = "CSharpSpecs", "CSharpSpecs\CSharpSpecs.csproj", "{B9100335-ACB5-473A-8843-E02749A4013D}"
EndProject
Global
	GlobalSection(SolutionConfigurationPlatforms) = preSolution
		Debug|Any CPU = Debug|Any CPU
		Release|Any CPU = Release|Any CPU
	EndGlobalSection
	GlobalSection(ProjectConfigurationPlatforms) = postSolution
		{B9100335-ACB5-473A-8843-E02749A4013D}.Debug|Any CPU.ActiveCfg = Debug|Any CPU
		{B9100335-ACB5-473A-8843-E02749A4013D}.Debug|Any CPU.Build.0 = Debug|Any CPU
		{B9100335-ACB5-473A-8843-E02749A4013D}.Release|Any CPU.ActiveCfg = Release|Any CPU
		{B9100335-ACB5-473A-8843-E02749A4013D}.Release|Any CPU.Build.0 = Release|Any CPU
	EndGlobalSection
	GlobalSection(SolutionProperties) = preSolution
		HideSolutionNode = FALSE
	EndGlobalSection
	GlobalSection(ExtensibilityGlobals) = postSolution
		SolutionGuid = {1C27AC24-2E2D-412A-A674-2448DA3F1DE5}
	EndGlobalSection
EndGlobal
